// !$*UTF8*$!
{
	archiveVersion = 1;
	classes = {
	};
	objectVersion = 46;
	objects = {

/* Begin PBXBuildFile section */
		9BA651BF1B6456BC00F35573 /* AppDelegate.swift in Sources */ = {isa = PBXBuildFile; fileRef = 9BA651BA1B6456BC00F35573 /* AppDelegate.swift */; };
		9BA651C01B6456BC00F35573 /* BezierPathsView.swift in Sources */ = {isa = PBXBuildFile; fileRef = 9BA651BB1B6456BC00F35573 /* BezierPathsView.swift */; };
		9BA651C11B6456BC00F35573 /* DropItBehavior.swift in Sources */ = {isa = PBXBuildFile; fileRef = 9BA651BC1B6456BC00F35573 /* DropItBehavior.swift */; };
		9BA651C21B6456BC00F35573 /* ViewController.swift in Sources */ = {isa = PBXBuildFile; fileRef = 9BA651BD1B6456BC00F35573 /* ViewController.swift */; };
		9BA651C31B6456BC00F35573 /* Images.xcassets in Resources */ = {isa = PBXBuildFile; fileRef = 9BA651BE1B6456BC00F35573 /* Images.xcassets */; };
		9BA651CC1B64593700F35573 /* Main.storyboard in Resources */ = {isa = PBXBuildFile; fileRef = 9BA651C71B64576400F35573 /* Main.storyboard */; };
		9BA651CD1B64594200F35573 /* LaunchScreen.xib in Resources */ = {isa = PBXBuildFile; fileRef = 9BA651C41B64574F00F35573 /* LaunchScreen.xib */; };
/* End PBXBuildFile section */

/* Begin PBXFileReference section */
		9BA6518F1B64277200F35573 /* Marbles.app */ = {isa = PBXFileReference; explicitFileType = wrapper.application; includeInIndex = 0; path = Marbles.app; sourceTree = BUILT_PRODUCTS_DIR; };
		9BA651BA1B6456BC00F35573 /* AppDelegate.swift */ = {isa = PBXFileReference; fileEncoding = 4; lastKnownFileType = sourcecode.swift; name = AppDelegate.swift; path = Source/AppDelegate.swift; sourceTree = SOURCE_ROOT; };
		9BA651BB1B6456BC00F35573 /* BezierPathsView.swift */ = {isa = PBXFileReference; fileEncoding = 4; lastKnownFileType = sourcecode.swift; name = BezierPathsView.swift; path = Source/BezierPathsView.swift; sourceTree = SOURCE_ROOT; };
		9BA651BC1B6456BC00F35573 /* DropItBehavior.swift */ = {isa = PBXFileReference; fileEncoding = 4; lastKnownFileType = sourcecode.swift; name = DropItBehavior.swift; path = Source/DropItBehavior.swift; sourceTree = SOURCE_ROOT; };
		9BA651BD1B6456BC00F35573 /* ViewController.swift */ = {isa = PBXFileReference; fileEncoding = 4; lastKnownFileType = sourcecode.swift; name = ViewController.swift; path = Source/ViewController.swift; sourceTree = SOURCE_ROOT; };
		9BA651BE1B6456BC00F35573 /* Images.xcassets */ = {isa = PBXFileReference; lastKnownFileType = folder.assetcatalog; name = Images.xcassets; path = Source/Images.xcassets; sourceTree = SOURCE_ROOT; };
		9BA651C51B64574F00F35573 /* Base */ = {isa = PBXFileReference; lastKnownFileType = file.xib; name = Base; path = Source/Base.lproj/LaunchScreen.xib; sourceTree = SOURCE_ROOT; };
		9BA651C81B64576400F35573 /* Base */ = {isa = PBXFileReference; lastKnownFileType = file.storyboard; name = Base; path = Source/Base.lproj/Main.storyboard; sourceTree = SOURCE_ROOT; };
		9BA651CA1B64583600F35573 /* Info.plist */ = {isa = PBXFileReference; fileEncoding = 4; lastKnownFileType = text.plist.xml; name = Info.plist; path = Source/Info.plist; sourceTree = SOURCE_ROOT; };
/* End PBXFileReference section */

/* Begin PBXFrameworksBuildPhase section */
		9BA6518C1B64277200F35573 /* Frameworks */ = {
			isa = PBXFrameworksBuildPhase;
			buildActionMask = 2147483647;
			files = (
			);
			runOnlyForDeploymentPostprocessing = 0;
		};
/* End PBXFrameworksBuildPhase section */

/* Begin PBXGroup section */
		9BA651861B64277200F35573 = {
			isa = PBXGroup;
			children = (
				9BA651911B64277200F35573 /* Source */,
				9BA651901B64277200F35573 /* Products */,
			);
			sourceTree = "<group>";
		};
		9BA651901B64277200F35573 /* Products */ = {
			isa = PBXGroup;
			children = (
				9BA6518F1B64277200F35573 /* Marbles.app */,
			);
			name = Products;
			sourceTree = "<group>";
		};
		9BA651911B64277200F35573 /* Source */ = {
			isa = PBXGroup;
			children = (
				9BA651BC1B6456BC00F35573 /* DropItBehavior.swift */,
				9BA651BD1B6456BC00F35573 /* ViewController.swift */,
				9BA651BA1B6456BC00F35573 /* AppDelegate.swift */,
				9BA651BB1B6456BC00F35573 /* BezierPathsView.swift */,
				9BA651C71B64576400F35573 /* Main.storyboard */,
				9BA651921B64277200F35573 /* Supporting Files */,
			);
			name = Source;
			path = Dropit;
			sourceTree = "<group>";
		};
		9BA651921B64277200F35573 /* Supporting Files */ = {
			isa = PBXGroup;
			children = (
				9BA651C41B64574F00F35573 /* LaunchScreen.xib */,
				9BA651BE1B6456BC00F35573 /* Images.xcassets */,
				9BA651CA1B64583600F35573 /* Info.plist */,
			);
			name = "Supporting Files";
			sourceTree = "<group>";
		};
/* End PBXGroup section */

/* Begin PBXNativeTarget section */
		9BA6518E1B64277200F35573 /* Marbles */ = {
			isa = PBXNativeTarget;
			buildConfigurationList = 9BA651AE1B64277300F35573 /* Build configuration list for PBXNativeTarget "Marbles" */;
			buildPhases = (
				9BA6518B1B64277200F35573 /* Sources */,
				9BA6518C1B64277200F35573 /* Frameworks */,
				9BA6518D1B64277200F35573 /* Resources */,
			);
			buildRules = (
			);
			dependencies = (
			);
			name = Marbles;
			productName = Dropit;
			productReference = 9BA6518F1B64277200F35573 /* Marbles.app */;
			productType = "com.apple.product-type.application";
		};
/* End PBXNativeTarget section */

/* Begin PBXProject section */
		9BA651871B64277200F35573 /* Project object */ = {
			isa = PBXProject;
			attributes = {
				LastSwiftMigration = 0700;
				LastSwiftUpdateCheck = 0700;
				LastUpgradeCheck = 0820;
				ORGANIZATIONNAME = SMC;
				TargetAttributes = {
					9BA6518E1B64277200F35573 = {
						CreatedOnToolsVersion = 6.4;
						DevelopmentTeam = 7237X7VY2S;
						LastSwiftMigration = 0820;
					};
				};
			};
			buildConfigurationList = 9BA6518A1B64277200F35573 /* Build configuration list for PBXProject "Marbles" */;
			compatibilityVersion = "Xcode 3.2";
			developmentRegion = English;
			hasScannedForEncodings = 0;
			knownRegions = (
				en,
				Base,
			);
			mainGroup = 9BA651861B64277200F35573;
			productRefGroup = 9BA651901B64277200F35573 /* Products */;
			projectDirPath = "";
			projectRoot = "";
			targets = (
				9BA6518E1B64277200F35573 /* Marbles */,
			);
		};
/* End PBXProject section */

/* Begin PBXResourcesBuildPhase section */
		9BA6518D1B64277200F35573 /* Resources */ = {
			isa = PBXResourcesBuildPhase;
			buildActionMask = 2147483647;
			files = (
				9BA651CD1B64594200F35573 /* LaunchScreen.xib in Resources */,
				9BA651CC1B64593700F35573 /* Main.storyboard in Resources */,
				9BA651C31B6456BC00F35573 /* Images.xcassets in Resources */,
			);
			runOnlyForDeploymentPostprocessing = 0;
		};
/* End PBXResourcesBuildPhase section */

/* Begin PBXSourcesBuildPhase section */
		9BA6518B1B64277200F35573 /* Sources */ = {
			isa = PBXSourcesBuildPhase;
			buildActionMask = 2147483647;
			files = (
				9BA651C01B6456BC00F35573 /* BezierPathsView.swift in Sources */,
				9BA651C11B6456BC00F35573 /* DropItBehavior.swift in Sources */,
				9BA651BF1B6456BC00F35573 /* AppDelegate.swift in Sources */,
				9BA651C21B6456BC00F35573 /* ViewController.swift in Sources */,
			);
			runOnlyForDeploymentPostprocessing = 0;
		};
/* End PBXSourcesBuildPhase section */

/* Begin PBXVariantGroup section */
		9BA651C41B64574F00F35573 /* LaunchScreen.xib */ = {
			isa = PBXVariantGroup;
			children = (
				9BA651C51B64574F00F35573 /* Base */,
			);
			name = LaunchScreen.xib;
			sourceTree = "<group>";
		};
		9BA651C71B64576400F35573 /* Main.storyboard */ = {
			isa = PBXVariantGroup;
			children = (
				9BA651C81B64576400F35573 /* Base */,
			);
			name = Main.storyboard;
			sourceTree = "<group>";
		};
/* End PBXVariantGroup section */

/* Begin XCBuildConfiguration section */
		9BA651AC1B64277300F35573 /* Debug */ = {
			isa = XCBuildConfiguration;
			buildSettings = {
				ALWAYS_SEARCH_USER_PATHS = NO;
				CLANG_CXX_LANGUAGE_STANDARD = "gnu++0x";
				CLANG_CXX_LIBRARY = "libc++";
				CLANG_ENABLE_MODULES = YES;
				CLANG_ENABLE_OBJC_ARC = YES;
				CLANG_WARN_BOOL_CONVERSION = YES;
				CLANG_WARN_CONSTANT_CONVERSION = YES;
				CLANG_WARN_DIRECT_OBJC_ISA_USAGE = YES_ERROR;
				CLANG_WARN_EMPTY_BODY = YES;
				CLANG_WARN_ENUM_CONVERSION = YES;
				CLANG_WARN_INFINITE_RECURSION = YES;
				CLANG_WARN_INT_CONVERSION = YES;
				CLANG_WARN_OBJC_ROOT_CLASS = YES_ERROR;
				CLANG_WARN_SUSPICIOUS_MOVE = YES;
				CLANG_WARN_UNREACHABLE_CODE = YES;
				CLANG_WARN__DUPLICATE_METHOD_MATCH = YES;
				"CODE_SIGN_IDENTITY[sdk=iphoneos*]" = "iPhone Developer";
				COPY_PHASE_STRIP = NO;
				DEBUG_INFORMATION_FORMAT = "dwarf-with-dsym";
				ENABLE_STRICT_OBJC_MSGSEND = YES;
				ENABLE_TESTABILITY = YES;
				GCC_C_LANGUAGE_STANDARD = gnu99;
				GCC_DYNAMIC_NO_PIC = NO;
				GCC_NO_COMMON_BLOCKS = YES;
				GCC_OPTIMIZATION_LEVEL = 0;
				GCC_PREPROCESSOR_DEFINITIONS = (
					"DEBUG=1",
					"$(inherited)",
				);
				GCC_SYMBOLS_PRIVATE_EXTERN = NO;
				GCC_WARN_64_TO_32_BIT_CONVERSION = YES;
				GCC_WARN_ABOUT_RETURN_TYPE = YES_ERROR;
				GCC_WARN_UNDECLARED_SELECTOR = YES;
				GCC_WARN_UNINITIALIZED_AUTOS = YES_AGGRESSIVE;
				GCC_WARN_UNUSED_FUNCTION = YES;
				GCC_WARN_UNUSED_VARIABLE = YES;
				IPHONEOS_DEPLOYMENT_TARGET = 8.4;
				MTL_ENABLE_DEBUG_INFO = YES;
				ONLY_ACTIVE_ARCH = YES;
				SDKROOT = iphoneos;
				SWIFT_OPTIMIZATION_LEVEL = "-Onone";
				TARGETED_DEVICE_FAMILY = 2;
			};
			name = Debug;
		};
		9BA651AD1B64277300F35573 /* Release */ = {
			isa = XCBuildConfiguration;
			buildSettings = {
				ALWAYS_SEARCH_USER_PATHS = NO;
				CLANG_CXX_LANGUAGE_STANDARD = "gnu++0x";
				CLANG_CXX_LIBRARY = "libc++";
				CLANG_ENABLE_MODULES = YES;
				CLANG_ENABLE_OBJC_ARC = YES;
				CLANG_WARN_BOOL_CONVERSION = YES;
				CLANG_WARN_CONSTANT_CONVERSION = YES;
				CLANG_WARN_DIRECT_OBJC_ISA_USAGE = YES_ERROR;
				CLANG_WARN_EMPTY_BODY = YES;
				CLANG_WARN_ENUM_CONVERSION = YES;
				CLANG_WARN_INFINITE_RECURSION = YES;
				CLANG_WARN_INT_CONVERSION = YES;
				CLANG_WARN_OBJC_ROOT_CLASS = YES_ERROR;
				CLANG_WARN_SUSPICIOUS_MOVE = YES;
				CLANG_WARN_UNREACHABLE_CODE = YES;
				CLANG_WARN__DUPLICATE_METHOD_MATCH = YES;
				"CODE_SIGN_IDENTITY[sdk=iphoneos*]" = "iPhone Developer";
				COPY_PHASE_STRIP = NO;
				DEBUG_INFORMATION_FORMAT = "dwarf-with-dsym";
				ENABLE_NS_ASSERTIONS = NO;
				ENABLE_STRICT_OBJC_MSGSEND = YES;
				GCC_C_LANGUAGE_STANDARD = gnu99;
				GCC_NO_COMMON_BLOCKS = YES;
				GCC_WARN_64_TO_32_BIT_CONVERSION = YES;
				GCC_WARN_ABOUT_RETURN_TYPE = YES_ERROR;
				GCC_WARN_UNDECLARED_SELECTOR = YES;
				GCC_WARN_UNINITIALIZED_AUTOS = YES_AGGRESSIVE;
				GCC_WARN_UNUSED_FUNCTION = YES;
				GCC_WARN_UNUSED_VARIABLE = YES;
				IPHONEOS_DEPLOYMENT_TARGET = 8.4;
				MTL_ENABLE_DEBUG_INFO = NO;
				SDKROOT = iphoneos;
				SWIFT_OPTIMIZATION_LEVEL = "-Owholemodule";
				TARGETED_DEVICE_FAMILY = 2;
				VALIDATE_PRODUCT = YES;
			};
			name = Release;
		};
		9BA651AF1B64277300F35573 /* Debug */ = {
			isa = XCBuildConfiguration;
			buildSettings = {
				ASSETCATALOG_COMPILER_APPICON_NAME = AppIcon;
				CODE_SIGN_IDENTITY = "iPhone Developer";
				"CODE_SIGN_IDENTITY[sdk=iphoneos*]" = "iPhone Developer";
				INFOPLIST_FILE = "$(SRCROOT)/Source/Info.plist";
				IPHONEOS_DEPLOYMENT_TARGET = 11.0;
				LD_RUNPATH_SEARCH_PATHS = "$(inherited) @executable_path/Frameworks";
				PRODUCT_BUNDLE_IDENTIFIER = "SMC.$(PRODUCT_NAME:rfc1034identifier)";
				PRODUCT_NAME = Marbles;
				PROVISIONING_PROFILE = "";
				SWIFT_VERSION = 3.0;
			};
			name = Debug;
		};
		9BA651B01B64277300F35573 /* Release */ = {
			isa = XCBuildConfiguration;
			buildSettings = {
				ASSETCATALOG_COMPILER_APPICON_NAME = AppIcon;
				CODE_SIGN_IDENTITY = "iPhone Developer";
				"CODE_SIGN_IDENTITY[sdk=iphoneos*]" = "iPhone Developer";
				INFOPLIST_FILE = "$(SRCROOT)/Source/Info.plist";
				IPHONEOS_DEPLOYMENT_TARGET = 11.0;
				LD_RUNPATH_SEARCH_PATHS = "$(inherited) @executable_path/Frameworks";
				PRODUCT_BUNDLE_IDENTIFIER = "SMC.$(PRODUCT_NAME:rfc1034identifier)";
				PRODUCT_NAME = Marbles;
				PROVISIONING_PROFILE = "";
				SWIFT_VERSION = 3.0;
			};
			name = Release;
		};
/* End XCBuildConfiguration section */

/* Begin XCConfigurationList section */
		9BA6518A1B64277200F35573 /* Build configuration list for PBXProject "Marbles" */ = {
			isa = XCConfigurationList;
			buildConfigurations = (
				9BA651AC1B64277300F35573 /* Debug */,
				9BA651AD1B64277300F35573 /* Release */,
			);
			defaultConfigurationIsVisible = 0;
			defaultConfigurationName = Release;
		};
		9BA651AE1B64277300F35573 /* Build configuration list for PBXNativeTarget "Marbles" */ = {
			isa = XCConfigurationList;
			buildConfigurations = (
				9BA651AF1B64277300F35573 /* Debug */,
				9BA651B01B64277300F35573 /* Release */,
			);
			defaultConfigurationIsVisible = 0;
			defaultConfigurationName = Release;
		};
/* End XCConfigurationList section */
	};
	rootObject = 9BA651871B64277200F35573 /* Project object */;
}
